
Microsoft Visual Studio Solution File, Format Version 12.00
# Visual Studio Version 17
VisualStudioVersion = 17.6.33815.320
MinimumVisualStudioVersion = 10.0.40219.1
Project("{FAE04EC0-301F-11D3-BF4B-00C04F79EFBC}") = "WebApplication1", "WebApplication1\WebApplication1.csproj", "{84C49ABB-7718-4368-A1CE-90B98E0A0A4A}"
EndProject
Global
	GlobalSection(SolutionConfigurationPlatforms) = preSolution
		Debug|Any CPU = Debug|Any CPU
		Release|Any CPU = Release|Any CPU
	EndGlobalSection
	GlobalSection(ProjectConfigurationPlatforms) = postSolution
		{84C49ABB-7718-4368-A1CE-90B98E0A0A4A}.Debug|Any CPU.ActiveCfg = Debug|Any CPU
		{84C49ABB-7718-4368-A1CE-90B98E0A0A4A}.Debug|Any CPU.Build.0 = Debug|Any CPU
		{84C49ABB-7718-4368-A1CE-90B98E0A0A4A}.Release|Any CPU.ActiveCfg = Release|Any CPU
		{84C49ABB-7718-4368-A1CE-90B98E0A0A4A}.Release|Any CPU.Build.0 = Release|Any CPU
	EndGlobalSection
	GlobalSection(SolutionProperties) = preSolution
		HideSolutionNode = FALSE
	EndGlobalSection
	GlobalSection(ExtensibilityGlobals) = postSolution
		SolutionGuid = {1BA6C298-0A60-48D3-97A6-C90EC61FED37}
	EndGlobalSection
EndGlobal
